
Microsoft Visual Studio Solution File, Format Version 12.00
# Visual Studio 15
VisualStudioVersion = 15.0.28307.271
MinimumVisualStudioVersion = 10.0.40219.1
Project("{FAE04EC0-301F-11D3-BF4B-00C04F79EFBC}") = "senai_wishList_desafio_AA", "senai_wishList_desafio_AA\senai_wishList_desafio_AA.csproj", "{8DBAFF63-367F-4D16-95AC-57A3180A15AE}"
EndProject
Global
	GlobalSection(SolutionConfigurationPlatforms) = preSolution
		Debug|Any CPU = Debug|Any CPU
		Release|Any CPU = Release|Any CPU
	EndGlobalSection
	GlobalSection(ProjectConfigurationPlatforms) = postSolution
		{8DBAFF63-367F-4D16-95AC-57A3180A15AE}.Debug|Any CPU.ActiveCfg = Debug|Any CPU
		{8DBAFF63-367F-4D16-95AC-57A3180A15AE}.Debug|Any CPU.Build.0 = Debug|Any CPU
		{8DBAFF63-367F-4D16-95AC-57A3180A15AE}.Release|Any CPU.ActiveCfg = Release|Any CPU
		{8DBAFF63-367F-4D16-95AC-57A3180A15AE}.Release|Any CPU.Build.0 = Release|Any CPU
	EndGlobalSection
	GlobalSection(SolutionProperties) = preSolution
		HideSolutionNode = FALSE
	EndGlobalSection
	GlobalSection(ExtensibilityGlobals) = postSolution
		SolutionGuid = {3FADFF61-E721-467B-87E1-F77274D531E8}
	EndGlobalSection
EndGlobal
